// !$*UTF8*$!
{
	archiveVersion = 1;
	classes = {
	};
	objectVersion = 51;
	objects = {

/* Begin PBXBuildFile section */
		83335694242A07E0001FF9B6 /* AppDelegate.swift in Sources */ = {isa = PBXBuildFile; fileRef = 83335693242A07E0001FF9B6 /* AppDelegate.swift */; };
		83335696242A07E0001FF9B6 /* SceneDelegate.swift in Sources */ = {isa = PBXBuildFile; fileRef = 83335695242A07E0001FF9B6 /* SceneDelegate.swift */; };
		83335698242A07E0001FF9B6 /* MainController.swift in Sources */ = {isa = PBXBuildFile; fileRef = 83335697242A07E0001FF9B6 /* MainController.swift */; };
		8333569B242A07E0001FF9B6 /* Main.storyboard in Resources */ = {isa = PBXBuildFile; fileRef = 83335699242A07E0001FF9B6 /* Main.storyboard */; };
		8333569E242A07E0001FF9B6 /* Modulbank.xcdatamodeld in Sources */ = {isa = PBXBuildFile; fileRef = 8333569C242A07E0001FF9B6 /* Modulbank.xcdatamodeld */; };
		833356A0242A07E1001FF9B6 /* Assets.xcassets in Resources */ = {isa = PBXBuildFile; fileRef = 8333569F242A07E1001FF9B6 /* Assets.xcassets */; };
		833356A3242A07E1001FF9B6 /* LaunchScreen.storyboard in Resources */ = {isa = PBXBuildFile; fileRef = 833356A1242A07E1001FF9B6 /* LaunchScreen.storyboard */; };
		833356B1242A08A2001FF9B6 /* Router.swift in Sources */ = {isa = PBXBuildFile; fileRef = 833356B0242A08A2001FF9B6 /* Router.swift */; };
		833356B6242A0946001FF9B6 /* UIViewController+Extension.swift in Sources */ = {isa = PBXBuildFile; fileRef = 833356B4242A0946001FF9B6 /* UIViewController+Extension.swift */; };
		833356B7242A0946001FF9B6 /* UIViewController+Storyboards.swift in Sources */ = {isa = PBXBuildFile; fileRef = 833356B5242A0946001FF9B6 /* UIViewController+Storyboards.swift */; };
		833356BA242A09BE001FF9B6 /* ActivityIndicatorView.swift in Sources */ = {isa = PBXBuildFile; fileRef = 833356B9242A09BE001FF9B6 /* ActivityIndicatorView.swift */; };
		833356BC242A0D98001FF9B6 /* Default-568h@2x.png in Resources */ = {isa = PBXBuildFile; fileRef = 833356BB242A0D98001FF9B6 /* Default-568h@2x.png */; };
		908E5EB985D52B672AB5FAF6 /* Pods_Modulbank.framework in Frameworks */ = {isa = PBXBuildFile; fileRef = 422B6FA26E7638B75CC88BFD /* Pods_Modulbank.framework */; };
/* End PBXBuildFile section */

/* Begin PBXFileReference section */
		422B6FA26E7638B75CC88BFD /* Pods_Modulbank.framework */ = {isa = PBXFileReference; explicitFileType = wrapper.framework; includeInIndex = 0; path = Pods_Modulbank.framework; sourceTree = BUILT_PRODUCTS_DIR; };
		4643B6CC58D9653338F6155B /* Pods-Modulbank.debug.xcconfig */ = {isa = PBXFileReference; includeInIndex = 1; lastKnownFileType = text.xcconfig; name = "Pods-Modulbank.debug.xcconfig"; path = "Target Support Files/Pods-Modulbank/Pods-Modulbank.debug.xcconfig"; sourceTree = "<group>"; };
		83335690242A07E0001FF9B6 /* Modulbank.app */ = {isa = PBXFileReference; explicitFileType = wrapper.application; includeInIndex = 0; path = Modulbank.app; sourceTree = BUILT_PRODUCTS_DIR; };
		83335693242A07E0001FF9B6 /* AppDelegate.swift */ = {isa = PBXFileReference; lastKnownFileType = sourcecode.swift; path = AppDelegate.swift; sourceTree = "<group>"; };
		83335695242A07E0001FF9B6 /* SceneDelegate.swift */ = {isa = PBXFileReference; lastKnownFileType = sourcecode.swift; path = SceneDelegate.swift; sourceTree = "<group>"; };
		83335697242A07E0001FF9B6 /* MainController.swift */ = {isa = PBXFileReference; lastKnownFileType = sourcecode.swift; path = MainController.swift; sourceTree = "<group>"; };
		8333569A242A07E0001FF9B6 /* Base */ = {isa = PBXFileReference; lastKnownFileType = file.storyboard; name = Base; path = Base.lproj/Main.storyboard; sourceTree = "<group>"; };
		8333569D242A07E0001FF9B6 /* Modulbank.xcdatamodel */ = {isa = PBXFileReference; lastKnownFileType = wrapper.xcdatamodel; path = Modulbank.xcdatamodel; sourceTree = "<group>"; };
		8333569F242A07E1001FF9B6 /* Assets.xcassets */ = {isa = PBXFileReference; lastKnownFileType = folder.assetcatalog; path = Assets.xcassets; sourceTree = "<group>"; };
		833356A2242A07E1001FF9B6 /* Base */ = {isa = PBXFileReference; lastKnownFileType = file.storyboard; name = Base; path = Base.lproj/LaunchScreen.storyboard; sourceTree = "<group>"; };
		833356A4242A07E1001FF9B6 /* Info.plist */ = {isa = PBXFileReference; lastKnownFileType = text.plist.xml; path = Info.plist; sourceTree = "<group>"; };
		833356B0242A08A2001FF9B6 /* Router.swift */ = {isa = PBXFileReference; fileEncoding = 4; lastKnownFileType = sourcecode.swift; path = Router.swift; sourceTree = "<group>"; };
		833356B4242A0946001FF9B6 /* UIViewController+Extension.swift */ = {isa = PBXFileReference; fileEncoding = 4; lastKnownFileType = sourcecode.swift; path = "UIViewController+Extension.swift"; sourceTree = "<group>"; };
		833356B5242A0946001FF9B6 /* UIViewController+Storyboards.swift */ = {isa = PBXFileReference; fileEncoding = 4; lastKnownFileType = sourcecode.swift; path = "UIViewController+Storyboards.swift"; sourceTree = "<group>"; };
		833356B9242A09BE001FF9B6 /* ActivityIndicatorView.swift */ = {isa = PBXFileReference; fileEncoding = 4; lastKnownFileType = sourcecode.swift; path = ActivityIndicatorView.swift; sourceTree = "<group>"; };
		833356BB242A0D98001FF9B6 /* Default-568h@2x.png */ = {isa = PBXFileReference; lastKnownFileType = image.png; path = "Default-568h@2x.png"; sourceTree = "<group>"; };
		F48027E3F3DF594506F21147 /* Pods-Modulbank.release.xcconfig */ = {isa = PBXFileReference; includeInIndex = 1; lastKnownFileType = text.xcconfig; name = "Pods-Modulbank.release.xcconfig"; path = "Target Support Files/Pods-Modulbank/Pods-Modulbank.release.xcconfig"; sourceTree = "<group>"; };
/* End PBXFileReference section */

/* Begin PBXFrameworksBuildPhase section */
		8333568D242A07E0001FF9B6 /* Frameworks */ = {
			isa = PBXFrameworksBuildPhase;
			buildActionMask = 2147483647;
			files = (
				908E5EB985D52B672AB5FAF6 /* Pods_Modulbank.framework in Frameworks */,
			);
			runOnlyForDeploymentPostprocessing = 0;
		};
/* End PBXFrameworksBuildPhase section */

/* Begin PBXGroup section */
		059438E3D92545B6974D5E19 /* Frameworks */ = {
			isa = PBXGroup;
			children = (
				422B6FA26E7638B75CC88BFD /* Pods_Modulbank.framework */,
			);
			name = Frameworks;
			sourceTree = "<group>";
		};
		83335687242A07E0001FF9B6 = {
			isa = PBXGroup;
			children = (
				833356BB242A0D98001FF9B6 /* Default-568h@2x.png */,
				83335692242A07E0001FF9B6 /* Modulbank */,
				83335691242A07E0001FF9B6 /* Products */,
				A87F1103BF6F56814A80EA65 /* Pods */,
				059438E3D92545B6974D5E19 /* Frameworks */,
			);
			sourceTree = "<group>";
		};
		83335691242A07E0001FF9B6 /* Products */ = {
			isa = PBXGroup;
			children = (
				83335690242A07E0001FF9B6 /* Modulbank.app */,
			);
			name = Products;
			sourceTree = "<group>";
		};
		83335692242A07E0001FF9B6 /* Modulbank */ = {
			isa = PBXGroup;
			children = (
				833356AA242A07F9001FF9B6 /* Controllers */,
				833356AB242A0843001FF9B6 /* Models */,
				833356AC242A084E001FF9B6 /* Views */,
				833356AD242A0857001FF9B6 /* Library */,
				833356AE242A0863001FF9B6 /* Application */,
			);
			path = Modulbank;
			sourceTree = "<group>";
		};
		833356AA242A07F9001FF9B6 /* Controllers */ = {
			isa = PBXGroup;
			children = (
				83335697242A07E0001FF9B6 /* MainController.swift */,
				83335699242A07E0001FF9B6 /* Main.storyboard */,
			);
			path = Controllers;
			sourceTree = "<group>";
		};
		833356AB242A0843001FF9B6 /* Models */ = {
			isa = PBXGroup;
			children = (
			);
			path = Models;
			sourceTree = "<group>";
		};
		833356AC242A084E001FF9B6 /* Views */ = {
			isa = PBXGroup;
			children = (
				833356B8242A09BE001FF9B6 /* ActivityIndicatorView */,
			);
			path = Views;
			sourceTree = "<group>";
		};
		833356AD242A0857001FF9B6 /* Library */ = {
			isa = PBXGroup;
			children = (
				833356B2242A0936001FF9B6 /* Extentions */,
				833356AF242A088E001FF9B6 /* Managers */,
			);
			path = Library;
			sourceTree = "<group>";
		};
		833356AE242A0863001FF9B6 /* Application */ = {
			isa = PBXGroup;
			children = (
				83335693242A07E0001FF9B6 /* AppDelegate.swift */,
				83335695242A07E0001FF9B6 /* SceneDelegate.swift */,
				8333569F242A07E1001FF9B6 /* Assets.xcassets */,
				833356A1242A07E1001FF9B6 /* LaunchScreen.storyboard */,
				833356A4242A07E1001FF9B6 /* Info.plist */,
				8333569C242A07E0001FF9B6 /* Modulbank.xcdatamodeld */,
			);
			path = Application;
			sourceTree = "<group>";
		};
		833356AF242A088E001FF9B6 /* Managers */ = {
			isa = PBXGroup;
			children = (
				833356B0242A08A2001FF9B6 /* Router.swift */,
			);
			path = Managers;
			sourceTree = "<group>";
		};
		833356B2242A0936001FF9B6 /* Extentions */ = {
			isa = PBXGroup;
			children = (
				833356B3242A093D001FF9B6 /* UIViewController */,
			);
			path = Extentions;
			sourceTree = "<group>";
		};
		833356B3242A093D001FF9B6 /* UIViewController */ = {
			isa = PBXGroup;
			children = (
				833356B4242A0946001FF9B6 /* UIViewController+Extension.swift */,
				833356B5242A0946001FF9B6 /* UIViewController+Storyboards.swift */,
			);
			path = UIViewController;
			sourceTree = "<group>";
		};
		833356B8242A09BE001FF9B6 /* ActivityIndicatorView */ = {
			isa = PBXGroup;
			children = (
				833356B9242A09BE001FF9B6 /* ActivityIndicatorView.swift */,
			);
			name = ActivityIndicatorView;
			path = ../../../../WorkLuxoft/TheInvaders/Heineken/heineken/Presentation/Common/Views/ActivityIndicatorView;
			sourceTree = "<group>";
		};
		A87F1103BF6F56814A80EA65 /* Pods */ = {
			isa = PBXGroup;
			children = (
				4643B6CC58D9653338F6155B /* Pods-Modulbank.debug.xcconfig */,
				F48027E3F3DF594506F21147 /* Pods-Modulbank.release.xcconfig */,
			);
			path = Pods;
			sourceTree = "<group>";
		};
/* End PBXGroup section */

/* Begin PBXNativeTarget section */
		8333568F242A07E0001FF9B6 /* Modulbank */ = {
			isa = PBXNativeTarget;
			buildConfigurationList = 833356A7242A07E1001FF9B6 /* Build configuration list for PBXNativeTarget "Modulbank" */;
			buildPhases = (
				D1AEE37D17C500448FED9E97 /* [CP] Check Pods Manifest.lock */,
				8333568C242A07E0001FF9B6 /* Sources */,
				8333568D242A07E0001FF9B6 /* Frameworks */,
				8333568E242A07E0001FF9B6 /* Resources */,
				65A31CD96DC114F495334762 /* [CP] Embed Pods Frameworks */,
			);
			buildRules = (
			);
			dependencies = (
			);
			name = Modulbank;
			productName = Modulbank;
			productReference = 83335690242A07E0001FF9B6 /* Modulbank.app */;
			productType = "com.apple.product-type.application";
		};
/* End PBXNativeTarget section */

/* Begin PBXProject section */
		83335688242A07E0001FF9B6 /* Project object */ = {
			isa = PBXProject;
			attributes = {
				LastSwiftUpdateCheck = 1130;
				LastUpgradeCheck = 1130;
				ORGANIZATIONNAME = "Артем Кулагин";
				TargetAttributes = {
					8333568F242A07E0001FF9B6 = {
						CreatedOnToolsVersion = 11.3.1;
					};
				};
			};
			buildConfigurationList = 8333568B242A07E0001FF9B6 /* Build configuration list for PBXProject "Modulbank" */;
			compatibilityVersion = "Xcode 9.3";
			developmentRegion = en;
			hasScannedForEncodings = 0;
			knownRegions = (
				en,
				Base,
			);
			mainGroup = 83335687242A07E0001FF9B6;
			productRefGroup = 83335691242A07E0001FF9B6 /* Products */;
			projectDirPath = "";
			projectRoot = "";
			targets = (
				8333568F242A07E0001FF9B6 /* Modulbank */,
			);
		};
/* End PBXProject section */

/* Begin PBXResourcesBuildPhase section */
		8333568E242A07E0001FF9B6 /* Resources */ = {
			isa = PBXResourcesBuildPhase;
			buildActionMask = 2147483647;
			files = (
				833356A3242A07E1001FF9B6 /* LaunchScreen.storyboard in Resources */,
				833356BC242A0D98001FF9B6 /* Default-568h@2x.png in Resources */,
				833356A0242A07E1001FF9B6 /* Assets.xcassets in Resources */,
				8333569B242A07E0001FF9B6 /* Main.storyboard in Resources */,
			);
			runOnlyForDeploymentPostprocessing = 0;
		};
/* End PBXResourcesBuildPhase section */

/* Begin PBXShellScriptBuildPhase section */
		65A31CD96DC114F495334762 /* [CP] Embed Pods Frameworks */ = {
			isa = PBXShellScriptBuildPhase;
			buildActionMask = 2147483647;
			files = (
			);
			inputFileListPaths = (
				"${PODS_ROOT}/Target Support Files/Pods-Modulbank/Pods-Modulbank-frameworks-${CONFIGURATION}-input-files.xcfilelist",
			);
			name = "[CP] Embed Pods Frameworks";
			outputFileListPaths = (
				"${PODS_ROOT}/Target Support Files/Pods-Modulbank/Pods-Modulbank-frameworks-${CONFIGURATION}-output-files.xcfilelist",
			);
			runOnlyForDeploymentPostprocessing = 0;
			shellPath = /bin/sh;
			shellScript = "\"${PODS_ROOT}/Target Support Files/Pods-Modulbank/Pods-Modulbank-frameworks.sh\"\n";
			showEnvVarsInLog = 0;
		};
		D1AEE37D17C500448FED9E97 /* [CP] Check Pods Manifest.lock */ = {
			isa = PBXShellScriptBuildPhase;
			buildActionMask = 2147483647;
			files = (
			);
			inputFileListPaths = (
			);
			inputPaths = (
				"${PODS_PODFILE_DIR_PATH}/Podfile.lock",
				"${PODS_ROOT}/Manifest.lock",
			);
			name = "[CP] Check Pods Manifest.lock";
			outputFileListPaths = (
			);
			outputPaths = (
				"$(DERIVED_FILE_DIR)/Pods-Modulbank-checkManifestLockResult.txt",
			);
			runOnlyForDeploymentPostprocessing = 0;
			shellPath = /bin/sh;
			shellScript = "diff \"${PODS_PODFILE_DIR_PATH}/Podfile.lock\" \"${PODS_ROOT}/Manifest.lock\" > /dev/null\nif [ $? != 0 ] ; then\n    # print error to STDERR\n    echo \"error: The sandbox is not in sync with the Podfile.lock. Run 'pod install' or update your CocoaPods installation.\" >&2\n    exit 1\nfi\n# This output is used by Xcode 'outputs' to avoid re-running this script phase.\necho \"SUCCESS\" > \"${SCRIPT_OUTPUT_FILE_0}\"\n";
			showEnvVarsInLog = 0;
		};
/* End PBXShellScriptBuildPhase section */

/* Begin PBXSourcesBuildPhase section */
		8333568C242A07E0001FF9B6 /* Sources */ = {
			isa = PBXSourcesBuildPhase;
			buildActionMask = 2147483647;
			files = (
				833356B6242A0946001FF9B6 /* UIViewController+Extension.swift in Sources */,
				833356B7242A0946001FF9B6 /* UIViewController+Storyboards.swift in Sources */,
				83335698242A07E0001FF9B6 /* MainController.swift in Sources */,
				833356BA242A09BE001FF9B6 /* ActivityIndicatorView.swift in Sources */,
				83335694242A07E0001FF9B6 /* AppDelegate.swift in Sources */,
				833356B1242A08A2001FF9B6 /* Router.swift in Sources */,
				83335696242A07E0001FF9B6 /* SceneDelegate.swift in Sources */,
				8333569E242A07E0001FF9B6 /* Modulbank.xcdatamodeld in Sources */,
			);
			runOnlyForDeploymentPostprocessing = 0;
		};
/* End PBXSourcesBuildPhase section */

/* Begin PBXVariantGroup section */
		83335699242A07E0001FF9B6 /* Main.storyboard */ = {
			isa = PBXVariantGroup;
			children = (
				8333569A242A07E0001FF9B6 /* Base */,
			);
			name = Main.storyboard;
			sourceTree = "<group>";
		};
		833356A1242A07E1001FF9B6 /* LaunchScreen.storyboard */ = {
			isa = PBXVariantGroup;
			children = (
				833356A2242A07E1001FF9B6 /* Base */,
			);
			name = LaunchScreen.storyboard;
			sourceTree = "<group>";
		};
/* End PBXVariantGroup section */

/* Begin XCBuildConfiguration section */
		833356A5242A07E1001FF9B6 /* Debug */ = {
			isa = XCBuildConfiguration;
			buildSettings = {
				ALWAYS_SEARCH_USER_PATHS = NO;
				CLANG_ANALYZER_NONNULL = YES;
				CLANG_ANALYZER_NUMBER_OBJECT_CONVERSION = YES_AGGRESSIVE;
				CLANG_CXX_LANGUAGE_STANDARD = "gnu++14";
				CLANG_CXX_LIBRARY = "libc++";
				CLANG_ENABLE_MODULES = YES;
				CLANG_ENABLE_OBJC_ARC = YES;
				CLANG_ENABLE_OBJC_WEAK = YES;
				CLANG_WARN_BLOCK_CAPTURE_AUTORELEASING = YES;
				CLANG_WARN_BOOL_CONVERSION = YES;
				CLANG_WARN_COMMA = YES;
				CLANG_WARN_CONSTANT_CONVERSION = YES;
				CLANG_WARN_DEPRECATED_OBJC_IMPLEMENTATIONS = YES;
				CLANG_WARN_DIRECT_OBJC_ISA_USAGE = YES_ERROR;
				CLANG_WARN_DOCUMENTATION_COMMENTS = YES;
				CLANG_WARN_EMPTY_BODY = YES;
				CLANG_WARN_ENUM_CONVERSION = YES;
				CLANG_WARN_INFINITE_RECURSION = YES;
				CLANG_WARN_INT_CONVERSION = YES;
				CLANG_WARN_NON_LITERAL_NULL_CONVERSION = YES;
				CLANG_WARN_OBJC_IMPLICIT_RETAIN_SELF = YES;
				CLANG_WARN_OBJC_LITERAL_CONVERSION = YES;
				CLANG_WARN_OBJC_ROOT_CLASS = YES_ERROR;
				CLANG_WARN_RANGE_LOOP_ANALYSIS = YES;
				CLANG_WARN_STRICT_PROTOTYPES = YES;
				CLANG_WARN_SUSPICIOUS_MOVE = YES;
				CLANG_WARN_UNGUARDED_AVAILABILITY = YES_AGGRESSIVE;
				CLANG_WARN_UNREACHABLE_CODE = YES;
				CLANG_WARN__DUPLICATE_METHOD_MATCH = YES;
				COPY_PHASE_STRIP = NO;
				DEBUG_INFORMATION_FORMAT = dwarf;
				ENABLE_STRICT_OBJC_MSGSEND = YES;
				ENABLE_TESTABILITY = YES;
				GCC_C_LANGUAGE_STANDARD = gnu11;
				GCC_DYNAMIC_NO_PIC = NO;
				GCC_NO_COMMON_BLOCKS = YES;
				GCC_OPTIMIZATION_LEVEL = 0;
				GCC_PREPROCESSOR_DEFINITIONS = (
					"DEBUG=1",
					"$(inherited)",
				);
				GCC_WARN_64_TO_32_BIT_CONVERSION = YES;
				GCC_WARN_ABOUT_RETURN_TYPE = YES_ERROR;
				GCC_WARN_UNDECLARED_SELECTOR = YES;
				GCC_WARN_UNINITIALIZED_AUTOS = YES_AGGRESSIVE;
				GCC_WARN_UNUSED_FUNCTION = YES;
				GCC_WARN_UNUSED_VARIABLE = YES;
				IPHONEOS_DEPLOYMENT_TARGET = 13.2;
				MTL_ENABLE_DEBUG_INFO = INCLUDE_SOURCE;
				MTL_FAST_MATH = YES;
				ONLY_ACTIVE_ARCH = YES;
				SDKROOT = iphoneos;
				SWIFT_ACTIVE_COMPILATION_CONDITIONS = DEBUG;
				SWIFT_OPTIMIZATION_LEVEL = "-Onone";
			};
			name = Debug;
		};
		833356A6242A07E1001FF9B6 /* Release */ = {
			isa = XCBuildConfiguration;
			buildSettings = {
				ALWAYS_SEARCH_USER_PATHS = NO;
				CLANG_ANALYZER_NONNULL = YES;
				CLANG_ANALYZER_NUMBER_OBJECT_CONVERSION = YES_AGGRESSIVE;
				CLANG_CXX_LANGUAGE_STANDARD = "gnu++14";
				CLANG_CXX_LIBRARY = "libc++";
				CLANG_ENABLE_MODULES = YES;
				CLANG_ENABLE_OBJC_ARC = YES;
				CLANG_ENABLE_OBJC_WEAK = YES;
				CLANG_WARN_BLOCK_CAPTURE_AUTORELEASING = YES;
				CLANG_WARN_BOOL_CONVERSION = YES;
				CLANG_WARN_COMMA = YES;
				CLANG_WARN_CONSTANT_CONVERSION = YES;
				CLANG_WARN_DEPRECATED_OBJC_IMPLEMENTATIONS = YES;
				CLANG_WARN_DIRECT_OBJC_ISA_USAGE = YES_ERROR;
				CLANG_WARN_DOCUMENTATION_COMMENTS = YES;
				CLANG_WARN_EMPTY_BODY = YES;
				CLANG_WARN_ENUM_CONVERSION = YES;
				CLANG_WARN_INFINITE_RECURSION = YES;
				CLANG_WARN_INT_CONVERSION = YES;
				CLANG_WARN_NON_LITERAL_NULL_CONVERSION = YES;
				CLANG_WARN_OBJC_IMPLICIT_RETAIN_SELF = YES;
				CLANG_WARN_OBJC_LITERAL_CONVERSION = YES;
				CLANG_WARN_OBJC_ROOT_CLASS = YES_ERROR;
				CLANG_WARN_RANGE_LOOP_ANALYSIS = YES;
				CLANG_WARN_STRICT_PROTOTYPES = YES;
				CLANG_WARN_SUSPICIOUS_MOVE = YES;
				CLANG_WARN_UNGUARDED_AVAILABILITY = YES_AGGRESSIVE;
				CLANG_WARN_UNREACHABLE_CODE = YES;
				CLANG_WARN__DUPLICATE_METHOD_MATCH = YES;
				COPY_PHASE_STRIP = NO;
				DEBUG_INFORMATION_FORMAT = "dwarf-with-dsym";
				ENABLE_NS_ASSERTIONS = NO;
				ENABLE_STRICT_OBJC_MSGSEND = YES;
				GCC_C_LANGUAGE_STANDARD = gnu11;
				GCC_NO_COMMON_BLOCKS = YES;
				GCC_WARN_64_TO_32_BIT_CONVERSION = YES;
				GCC_WARN_ABOUT_RETURN_TYPE = YES_ERROR;
				GCC_WARN_UNDECLARED_SELECTOR = YES;
				GCC_WARN_UNINITIALIZED_AUTOS = YES_AGGRESSIVE;
				GCC_WARN_UNUSED_FUNCTION = YES;
				GCC_WARN_UNUSED_VARIABLE = YES;
				IPHONEOS_DEPLOYMENT_TARGET = 13.2;
				MTL_ENABLE_DEBUG_INFO = NO;
				MTL_FAST_MATH = YES;
				SDKROOT = iphoneos;
				SWIFT_COMPILATION_MODE = wholemodule;
				SWIFT_OPTIMIZATION_LEVEL = "-O";
				VALIDATE_PRODUCT = YES;
			};
			name = Release;
		};
		833356A8242A07E1001FF9B6 /* Debug */ = {
			isa = XCBuildConfiguration;
			baseConfigurationReference = 4643B6CC58D9653338F6155B /* Pods-Modulbank.debug.xcconfig */;
			buildSettings = {
				ASSETCATALOG_COMPILER_APPICON_NAME = AppIcon;
				CODE_SIGN_STYLE = Automatic;
				DEVELOPMENT_TEAM = 6D63584WAD;
				INFOPLIST_FILE = "$(SRCROOT)/Modulbank/Application/Info.plist";
				IPHONEOS_DEPLOYMENT_TARGET = 11.0;
				LD_RUNPATH_SEARCH_PATHS = (
					"$(inherited)",
					"@executable_path/Frameworks",
				);
				PRODUCT_BUNDLE_IDENTIFIER = com.Modulbank.TestWork;
				PRODUCT_NAME = "$(TARGET_NAME)";
				SWIFT_VERSION = 5.0;
				TARGETED_DEVICE_FAMILY = "1,2";
			};
			name = Debug;
		};
		833356A9242A07E1001FF9B6 /* Release */ = {
			isa = XCBuildConfiguration;
			baseConfigurationReference = F48027E3F3DF594506F21147 /* Pods-Modulbank.release.xcconfig */;
			buildSettings = {
				ASSETCATALOG_COMPILER_APPICON_NAME = AppIcon;
				CODE_SIGN_STYLE = Automatic;
				DEVELOPMENT_TEAM = 6D63584WAD;
				INFOPLIST_FILE = "$(SRCROOT)/Modulbank/Application/Info.plist";
				IPHONEOS_DEPLOYMENT_TARGET = 11.0;
				LD_RUNPATH_SEARCH_PATHS = (
					"$(inherited)",
					"@executable_path/Frameworks",
				);
				PRODUCT_BUNDLE_IDENTIFIER = com.Modulbank.TestWork;
				PRODUCT_NAME = "$(TARGET_NAME)";
				SWIFT_VERSION = 5.0;
				TARGETED_DEVICE_FAMILY = "1,2";
			};
			name = Release;
		};
/* End XCBuildConfiguration section */

/* Begin XCConfigurationList section */
		8333568B242A07E0001FF9B6 /* Build configuration list for PBXProject "Modulbank" */ = {
			isa = XCConfigurationList;
			buildConfigurations = (
				833356A5242A07E1001FF9B6 /* Debug */,
				833356A6242A07E1001FF9B6 /* Release */,
			);
			defaultConfigurationIsVisible = 0;
			defaultConfigurationName = Release;
		};
		833356A7242A07E1001FF9B6 /* Build configuration list for PBXNativeTarget "Modulbank" */ = {
			isa = XCConfigurationList;
			buildConfigurations = (
				833356A8242A07E1001FF9B6 /* Debug */,
				833356A9242A07E1001FF9B6 /* Release */,
			);
			defaultConfigurationIsVisible = 0;
			defaultConfigurationName = Release;
		};
/* End XCConfigurationList section */

/* Begin XCVersionGroup section */
		8333569C242A07E0001FF9B6 /* Modulbank.xcdatamodeld */ = {
			isa = XCVersionGroup;
			children = (
				8333569D242A07E0001FF9B6 /* Modulbank.xcdatamodel */,
			);
			currentVersion = 8333569D242A07E0001FF9B6 /* Modulbank.xcdatamodel */;
			path = Modulbank.xcdatamodeld;
			sourceTree = "<group>";
			versionGroupType = wrapper.xcdatamodel;
		};
/* End XCVersionGroup section */
	};
	rootObject = 83335688242A07E0001FF9B6 /* Project object */;
}
